
Microsoft Visual Studio Solution File, Format Version 12.00
# Visual Studio Version 17
VisualStudioVersion = 17.4.33213.308
MinimumVisualStudioVersion = 10.0.40219.1
Project("{FAE04EC0-301F-11D3-BF4B-00C04F79EFBC}") = "ClientSide", "ClientSide\ClientSide.csproj", "{C66F41BC-16B2-459A-9137-28DC9036020E}"
EndProject
Global
	GlobalSection(SolutionConfigurationPlatforms) = preSolution
		Debug|Any CPU = Debug|Any CPU
		Release|Any CPU = Release|Any CPU
	EndGlobalSection
	GlobalSection(ProjectConfigurationPlatforms) = postSolution
		{C66F41BC-16B2-459A-9137-28DC9036020E}.Debug|Any CPU.ActiveCfg = Debug|Any CPU
		{C66F41BC-16B2-459A-9137-28DC9036020E}.Debug|Any CPU.Build.0 = Debug|Any CPU
		{C66F41BC-16B2-459A-9137-28DC9036020E}.Release|Any CPU.ActiveCfg = Release|Any CPU
		{C66F41BC-16B2-459A-9137-28DC9036020E}.Release|Any CPU.Build.0 = Release|Any CPU
	EndGlobalSection
	GlobalSection(SolutionProperties) = preSolution
		HideSolutionNode = FALSE
	EndGlobalSection
	GlobalSection(ExtensibilityGlobals) = postSolution
		SolutionGuid = {1DB28C83-F2F8-471C-ACA8-12DD1509E267}
	EndGlobalSection
EndGlobal
